
Microsoft Visual Studio Solution File, Format Version 12.00
# Visual Studio Version 16
VisualStudioVersion = 16.0.31507.150
MinimumVisualStudioVersion = 10.0.40219.1
Project("{9A19103F-16F7-4668-BE54-9A1E7A4F7556}") = "StarWarsTopTrumps", "StarWarsTopTrumps\StarWarsTopTrumps.csproj", "{E78F2A35-F033-4884-8C15-B5B49155EFB3}"
EndProject
Project("{9A19103F-16F7-4668-BE54-9A1E7A4F7556}") = "StarWarsTopTrumps.Tests", "StarWarsTopTrumps.Tests\StarWarsTopTrumps.Tests.csproj", "{B2325E46-6663-4DC8-B7E4-3C7382F12D18}"
EndProject
Project("{9A19103F-16F7-4668-BE54-9A1E7A4F7556}") = "StarWarsTopTrumps.Engine", "StarWarsTopTrumps.Engine\StarWarsTopTrumps.Engine.csproj", "{E8EF84D2-8A65-4EE1-83F6-166D6520DB11}"
EndProject
Project("{9A19103F-16F7-4668-BE54-9A1E7A4F7556}") = "StarWarsTopTrumps.UI", "StarWarsTopTrumps.UI\StarWarsTopTrumps.UI.csproj", "{5E4C27B7-09A4-4716-9678-F8D229BD57E6}"
EndProject
Global
	GlobalSection(SolutionConfigurationPlatforms) = preSolution
		Debug|Any CPU = Debug|Any CPU
		Release|Any CPU = Release|Any CPU
	EndGlobalSection
	GlobalSection(ProjectConfigurationPlatforms) = postSolution
		{E78F2A35-F033-4884-8C15-B5B49155EFB3}.Debug|Any CPU.ActiveCfg = Debug|Any CPU
		{E78F2A35-F033-4884-8C15-B5B49155EFB3}.Debug|Any CPU.Build.0 = Debug|Any CPU
		{E78F2A35-F033-4884-8C15-B5B49155EFB3}.Release|Any CPU.ActiveCfg = Release|Any CPU
		{E78F2A35-F033-4884-8C15-B5B49155EFB3}.Release|Any CPU.Build.0 = Release|Any CPU
		{B2325E46-6663-4DC8-B7E4-3C7382F12D18}.Debug|Any CPU.ActiveCfg = Debug|Any CPU
		{B2325E46-6663-4DC8-B7E4-3C7382F12D18}.Debug|Any CPU.Build.0 = Debug|Any CPU
		{B2325E46-6663-4DC8-B7E4-3C7382F12D18}.Release|Any CPU.ActiveCfg = Release|Any CPU
		{B2325E46-6663-4DC8-B7E4-3C7382F12D18}.Release|Any CPU.Build.0 = Release|Any CPU
		{E8EF84D2-8A65-4EE1-83F6-166D6520DB11}.Debug|Any CPU.ActiveCfg = Debug|Any CPU
		{E8EF84D2-8A65-4EE1-83F6-166D6520DB11}.Debug|Any CPU.Build.0 = Debug|Any CPU
		{E8EF84D2-8A65-4EE1-83F6-166D6520DB11}.Release|Any CPU.ActiveCfg = Release|Any CPU
		{E8EF84D2-8A65-4EE1-83F6-166D6520DB11}.Release|Any CPU.Build.0 = Release|Any CPU
		{5E4C27B7-09A4-4716-9678-F8D229BD57E6}.Debug|Any CPU.ActiveCfg = Debug|Any CPU
		{5E4C27B7-09A4-4716-9678-F8D229BD57E6}.Debug|Any CPU.Build.0 = Debug|Any CPU
		{5E4C27B7-09A4-4716-9678-F8D229BD57E6}.Release|Any CPU.ActiveCfg = Release|Any CPU
		{5E4C27B7-09A4-4716-9678-F8D229BD57E6}.Release|Any CPU.Build.0 = Release|Any CPU
	EndGlobalSection
	GlobalSection(SolutionProperties) = preSolution
		HideSolutionNode = FALSE
	EndGlobalSection
	GlobalSection(ExtensibilityGlobals) = postSolution
		SolutionGuid = {3ADB85C4-421F-4407-98F1-882133F55CE3}
	EndGlobalSection
EndGlobal
